
Microsoft Visual Studio Solution File, Format Version 12.00
# Visual Studio 15
VisualStudioVersion = 15.0.33026.149
MinimumVisualStudioVersion = 10.0.40219.1
Project("{FAE04EC0-301F-11D3-BF4B-00C04F79EFBC}") = "C969 - Task 1", "C969 - Task 1\C969 - Task 1.csproj", "{FE6C48D2-9F17-47FA-8D19-B6133509FAB5}"
EndProject
Global
	GlobalSection(SolutionConfigurationPlatforms) = preSolution
		Debug|Any CPU = Debug|Any CPU
		Release|Any CPU = Release|Any CPU
	EndGlobalSection
	GlobalSection(ProjectConfigurationPlatforms) = postSolution
		{FE6C48D2-9F17-47FA-8D19-B6133509FAB5}.Debug|Any CPU.ActiveCfg = Debug|Any CPU
		{FE6C48D2-9F17-47FA-8D19-B6133509FAB5}.Debug|Any CPU.Build.0 = Debug|Any CPU
		{FE6C48D2-9F17-47FA-8D19-B6133509FAB5}.Release|Any CPU.ActiveCfg = Release|Any CPU
		{FE6C48D2-9F17-47FA-8D19-B6133509FAB5}.Release|Any CPU.Build.0 = Release|Any CPU
	EndGlobalSection
	GlobalSection(SolutionProperties) = preSolution
		HideSolutionNode = FALSE
	EndGlobalSection
	GlobalSection(ExtensibilityGlobals) = postSolution
		SolutionGuid = {CB3064F3-F98D-460D-9FCB-ED27B1EAB709}
	EndGlobalSection
EndGlobal
